
Microsoft Visual Studio Solution File, Format Version 12.00
# Visual Studio Version 16
VisualStudioVersion = 16.0.30621.155
MinimumVisualStudioVersion = 10.0.40219.1
Project("{FAE04EC0-301F-11D3-BF4B-00C04F79EFBC}") = "příklad - 2", "příklad - 2\příklad - 2.csproj", "{35250414-6BD7-444F-B068-F943E617B916}"
EndProject
Project("{FAE04EC0-301F-11D3-BF4B-00C04F79EFBC}") = "příklad - 4", "Příklad - 4\příklad - 4.csproj", "{BA4A8F08-A01C-4E81-9954-50E7A4FDB078}"
EndProject
Project("{FAE04EC0-301F-11D3-BF4B-00C04F79EFBC}") = "příklad - 1", "příklad - 1\příklad - 1.csproj", "{2908B927-3661-46FA-9CD4-E0766993EB3B}"
EndProject
Project("{FAE04EC0-301F-11D3-BF4B-00C04F79EFBC}") = "příklad - 3", "příklad - 3\příklad - 3.csproj", "{3BD23250-D134-4D05-B301-E8F05B4524B3}"
EndProject
Global
	GlobalSection(SolutionConfigurationPlatforms) = preSolution
		Debug|Any CPU = Debug|Any CPU
		Release|Any CPU = Release|Any CPU
	EndGlobalSection
	GlobalSection(ProjectConfigurationPlatforms) = postSolution
		{35250414-6BD7-444F-B068-F943E617B916}.Debug|Any CPU.ActiveCfg = Debug|Any CPU
		{35250414-6BD7-444F-B068-F943E617B916}.Debug|Any CPU.Build.0 = Debug|Any CPU
		{35250414-6BD7-444F-B068-F943E617B916}.Release|Any CPU.ActiveCfg = Release|Any CPU
		{35250414-6BD7-444F-B068-F943E617B916}.Release|Any CPU.Build.0 = Release|Any CPU
		{BA4A8F08-A01C-4E81-9954-50E7A4FDB078}.Debug|Any CPU.ActiveCfg = Debug|Any CPU
		{BA4A8F08-A01C-4E81-9954-50E7A4FDB078}.Debug|Any CPU.Build.0 = Debug|Any CPU
		{BA4A8F08-A01C-4E81-9954-50E7A4FDB078}.Release|Any CPU.ActiveCfg = Release|Any CPU
		{BA4A8F08-A01C-4E81-9954-50E7A4FDB078}.Release|Any CPU.Build.0 = Release|Any CPU
		{2908B927-3661-46FA-9CD4-E0766993EB3B}.Debug|Any CPU.ActiveCfg = Debug|Any CPU
		{2908B927-3661-46FA-9CD4-E0766993EB3B}.Debug|Any CPU.Build.0 = Debug|Any CPU
		{2908B927-3661-46FA-9CD4-E0766993EB3B}.Release|Any CPU.ActiveCfg = Release|Any CPU
		{2908B927-3661-46FA-9CD4-E0766993EB3B}.Release|Any CPU.Build.0 = Release|Any CPU
		{3BD23250-D134-4D05-B301-E8F05B4524B3}.Debug|Any CPU.ActiveCfg = Debug|Any CPU
		{3BD23250-D134-4D05-B301-E8F05B4524B3}.Debug|Any CPU.Build.0 = Debug|Any CPU
		{3BD23250-D134-4D05-B301-E8F05B4524B3}.Release|Any CPU.ActiveCfg = Release|Any CPU
		{3BD23250-D134-4D05-B301-E8F05B4524B3}.Release|Any CPU.Build.0 = Release|Any CPU
	EndGlobalSection
	GlobalSection(SolutionProperties) = preSolution
		HideSolutionNode = FALSE
	EndGlobalSection
	GlobalSection(ExtensibilityGlobals) = postSolution
		SolutionGuid = {663B70C2-CB67-411D-9CAF-8AE5FEA83F30}
	EndGlobalSection
EndGlobal
